{
  "lockfile_version": "1",
  "packages": {
    "volta@2.0.2": {
      "last_modified": "2025-02-23T09:42:26Z",
      "resolved": "github:NixOS/nixpkgs/2d068ae5c6516b2d04562de50a58c682540de9bf#volta",
      "source": "devbox-search",
      "version": "2.0.2",
      "systems": {
        "aarch64-darwin": {
          "outputs": [
            {
              "name": "out",
              "path": "/nix/store/j1wfgz232vgf1kkq66hi8wfw8npiqxma-volta-2.0.2",
              "default": true
            }
          ],
          "store_path": "/nix/store/j1wfgz232vgf1kkq66hi8wfw8npiqxma-volta-2.0.2"
        },
        "aarch64-linux": {
          "outputs": [
            {
              "name": "out",
              "path": "/nix/store/fs17hklc09dagk2kaiy22rkpiif2hwh6-volta-2.0.2",
              "default": true
            }
          ],
          "store_path": "/nix/store/fs17hklc09dagk2kaiy22rkpiif2hwh6-volta-2.0.2"
        },
        "x86_64-darwin": {
          "outputs": [
            {
              "name": "out",
              "path": "/nix/store/wwqggs66d9nzrb1vvin9zjpz70a0vvjx-volta-2.0.2",
              "default": true
            }
          ],
          "store_path": "/nix/store/wwqggs66d9nzrb1vvin9zjpz70a0vvjx-volta-2.0.2"
        },
        "x86_64-linux": {
          "outputs": [
            {
              "name": "out",
              "path": "/nix/store/yacvn1y0ngzsb67pcj1lqr32bgscnzqm-volta-2.0.2",
              "default": true
            }
          ],
          "store_path": "/nix/store/yacvn1y0ngzsb67pcj1lqr32bgscnzqm-volta-2.0.2"
        }
      }
    }
  }
}
