{
  "lockfile_version": "1",
  "packages": {
    "volta@latest": {
      "last_modified": "2025-02-16T09:28:34Z",
      "resolved": "github:NixOS/nixpkgs/b1b43d32be000928cc71250ed77f4a0a5f2bc23a#volta",
      "source": "devbox-search",
      "version": "2.0.2",
      "systems": {
        "aarch64-darwin": {
          "outputs": [
            {
              "name": "out",
              "path": "/nix/store/62zanjllfmsmjby2sd4cc382xfgcahwi-volta-2.0.2",
              "default": true
            }
          ],
          "store_path": "/nix/store/62zanjllfmsmjby2sd4cc382xfgcahwi-volta-2.0.2"
        },
        "aarch64-linux": {
          "outputs": [
            {
              "name": "out",
              "path": "/nix/store/fs17hklc09dagk2kaiy22rkpiif2hwh6-volta-2.0.2",
              "default": true
            }
          ],
          "store_path": "/nix/store/fs17hklc09dagk2kaiy22rkpiif2hwh6-volta-2.0.2"
        },
        "x86_64-darwin": {
          "outputs": [
            {
              "name": "out",
              "path": "/nix/store/wwqggs66d9nzrb1vvin9zjpz70a0vvjx-volta-2.0.2",
              "default": true
            }
          ],
          "store_path": "/nix/store/wwqggs66d9nzrb1vvin9zjpz70a0vvjx-volta-2.0.2"
        },
        "x86_64-linux": {
          "outputs": [
            {
              "name": "out",
              "path": "/nix/store/aw1w7xj1wrawnrdjcdascfvwyb0pa9lc-volta-2.0.2",
              "default": true
            }
          ],
          "store_path": "/nix/store/aw1w7xj1wrawnrdjcdascfvwyb0pa9lc-volta-2.0.2"
        }
      }
    }
  }
}
